
Microsoft Visual Studio Solution File, Format Version 12.00
# Visual Studio Version 16
VisualStudioVersion = 16.0.29613.14
MinimumVisualStudioVersion = 10.0.40219.1
Project("{888888A0-9F3D-457C-B088-3A5042F75D52}") = "CloudundancyPyUtils", "CloudundancyPyUtils\CloudundancyPyUtils.pyproj", "{7442C4B6-4D10-4AEA-A009-421F7252D55E}"
EndProject
Project("{888888A0-9F3D-457C-B088-3A5042F75D52}") = "CloudundancyPyUtilsTests", "CloudundancyPyUtilsTests\CloudundancyPyUtilsTests.pyproj", "{5BE2BD06-B3D6-4E12-9D37-CB82AA0EF9D3}"
EndProject
Project("{2150E333-8FDC-42A3-9474-1A3956D46DE8}") = "JenkinsJobs", "JenkinsJobs", "{88409A64-F6E8-4265-B8D3-C9DD53E33B7E}"
EndProject
Project("{2150E333-8FDC-42A3-9474-1A3956D46DE8}") = "ConfigurationFiles", "ConfigurationFiles", "{AC4777E1-CF10-4308-B5EC-CEB9CC3E322B}"
	ProjectSection(SolutionItems) = preProject
		.flake8 = .flake8
		.pylintrc = .pylintrc
		mypy.ini = mypy.ini
		pytest.ini = pytest.ini
		..\sonar-project.properties = ..\sonar-project.properties
	EndProjectSection
EndProject
Project("{2150E333-8FDC-42A3-9474-1A3956D46DE8}") = "Linux", "Linux", "{AC3A658D-B158-4CEB-A7DB-4089B8C0ACF2}"
	ProjectSection(SolutionItems) = preProject
		..\JenkinsJobs\Linux\Cloudundancy-Cppcheck.sh = ..\JenkinsJobs\Linux\Cloudundancy-Cppcheck.sh
		..\JenkinsJobs\Linux\Cloudundancy-Debug-Clang.sh = ..\JenkinsJobs\Linux\Cloudundancy-Debug-Clang.sh
		..\JenkinsJobs\Linux\Cloudundancy-Debug-GCC.sh = ..\JenkinsJobs\Linux\Cloudundancy-Debug-GCC.sh
		..\JenkinsJobs\Linux\Cloudundancy-Release-Clang.sh = ..\JenkinsJobs\Linux\Cloudundancy-Release-Clang.sh
		..\JenkinsJobs\Linux\Cloudundancy-Release-ClangAddressSanitizer.sh = ..\JenkinsJobs\Linux\Cloudundancy-Release-ClangAddressSanitizer.sh
		..\JenkinsJobs\Linux\Cloudundancy-Release-ClangTidy.sh = ..\JenkinsJobs\Linux\Cloudundancy-Release-ClangTidy.sh
		..\JenkinsJobs\Linux\Cloudundancy-Release-ClangUndefinedBehaviorSanitizer.sh = ..\JenkinsJobs\Linux\Cloudundancy-Release-ClangUndefinedBehaviorSanitizer.sh
		..\JenkinsJobs\Linux\Cloudundancy-Release-GCC.sh = ..\JenkinsJobs\Linux\Cloudundancy-Release-GCC.sh
		..\JenkinsJobs\Linux\CloudundancyPyUtils-Mypy-Flake8-Pylint-SonarQube.sh = ..\JenkinsJobs\Linux\CloudundancyPyUtils-Mypy-Flake8-Pylint-SonarQube.sh
	EndProjectSection
EndProject
Project("{2150E333-8FDC-42A3-9474-1A3956D46DE8}") = "Windows", "Windows", "{0585F101-B99D-49C2-B499-F420D66A6238}"
	ProjectSection(SolutionItems) = preProject
		..\JenkinsJobs\Windows\Cloudundancy-Cppcheck.ps1 = ..\JenkinsJobs\Windows\Cloudundancy-Cppcheck.ps1
		..\JenkinsJobs\Windows\Cloudundancy-Debug.ps1 = ..\JenkinsJobs\Windows\Cloudundancy-Debug.ps1
		..\JenkinsJobs\Windows\Cloudundancy-Release.ps1 = ..\JenkinsJobs\Windows\Cloudundancy-Release.ps1
		..\JenkinsJobs\Windows\CloudundancyPyUtils-Mypy-Flake8-Pylint-SonarQube.ps1 = ..\JenkinsJobs\Windows\CloudundancyPyUtils-Mypy-Flake8-Pylint-SonarQube.ps1
	EndProjectSection
EndProject
Global
	GlobalSection(SolutionConfigurationPlatforms) = preSolution
		Debug|Any CPU = Debug|Any CPU
		Release|Any CPU = Release|Any CPU
	EndGlobalSection
	GlobalSection(ProjectConfigurationPlatforms) = postSolution
		{7442C4B6-4D10-4AEA-A009-421F7252D55E}.Debug|Any CPU.ActiveCfg = Debug|Any CPU
		{7442C4B6-4D10-4AEA-A009-421F7252D55E}.Release|Any CPU.ActiveCfg = Release|Any CPU
		{5BE2BD06-B3D6-4E12-9D37-CB82AA0EF9D3}.Debug|Any CPU.ActiveCfg = Debug|Any CPU
		{5BE2BD06-B3D6-4E12-9D37-CB82AA0EF9D3}.Release|Any CPU.ActiveCfg = Release|Any CPU
	EndGlobalSection
	GlobalSection(SolutionProperties) = preSolution
		HideSolutionNode = FALSE
	EndGlobalSection
	GlobalSection(NestedProjects) = preSolution
		{AC3A658D-B158-4CEB-A7DB-4089B8C0ACF2} = {88409A64-F6E8-4265-B8D3-C9DD53E33B7E}
		{0585F101-B99D-49C2-B499-F420D66A6238} = {88409A64-F6E8-4265-B8D3-C9DD53E33B7E}
	EndGlobalSection
	GlobalSection(ExtensibilityGlobals) = postSolution
		SolutionGuid = {82671E97-3DD4-4529-9667-B702FFFC49EB}
	EndGlobalSection
EndGlobal
